
Microsoft Visual Studio Solution File, Format Version 12.00
# Visual Studio Version 17
VisualStudioVersion = 17.0.31903.59
MinimumVisualStudioVersion = 10.0.40219.1
Project("{9A19103F-16F7-4668-BE54-9A1E7A4F7556}") = "Rovitex.Status.Rastreio.Api", "Rovitex.Status.Rastreio.Api\Rovitex.Status.Rastreio.Api.csproj", "{92102609-4A69-4D29-B39C-E9A6FD1F6AEC}"
EndProject
Project("{9A19103F-16F7-4668-BE54-9A1E7A4F7556}") = "Rovitex.Status.Rastreio.Domain", "Rovitex.Status.Rastreio.Domain\Rovitex.Status.Rastreio.Domain.csproj", "{25E2BF56-528A-4A93-B9D1-91C27BAE10AC}"
EndProject
Project("{9A19103F-16F7-4668-BE54-9A1E7A4F7556}") = "Rovitex.Status.Rastreio.Infrastructure", "Rovitex.Status.Rastreio.Infrastructure\Rovitex.Status.Rastreio.Infrastructure.csproj", "{53ED611E-896F-43A8-8D6D-A78BEB293383}"
EndProject
Project("{FAE04EC0-301F-11D3-BF4B-00C04F79EFBC}") = "Rovitex.Status.Rastreio.Services", "Rovitex.Status.Rastreio.Services\Rovitex.Status.Rastreio.Services.csproj", "{48A4A173-876A-4129-9AF9-195C509D2F14}"
EndProject
Global
	GlobalSection(SolutionConfigurationPlatforms) = preSolution
		Debug|Any CPU = Debug|Any CPU
		Release|Any CPU = Release|Any CPU
	EndGlobalSection
	GlobalSection(ProjectConfigurationPlatforms) = postSolution
		{92102609-4A69-4D29-B39C-E9A6FD1F6AEC}.Debug|Any CPU.ActiveCfg = Debug|Any CPU
		{92102609-4A69-4D29-B39C-E9A6FD1F6AEC}.Debug|Any CPU.Build.0 = Debug|Any CPU
		{92102609-4A69-4D29-B39C-E9A6FD1F6AEC}.Release|Any CPU.ActiveCfg = Release|Any CPU
		{92102609-4A69-4D29-B39C-E9A6FD1F6AEC}.Release|Any CPU.Build.0 = Release|Any CPU
		{25E2BF56-528A-4A93-B9D1-91C27BAE10AC}.Debug|Any CPU.ActiveCfg = Debug|Any CPU
		{25E2BF56-528A-4A93-B9D1-91C27BAE10AC}.Debug|Any CPU.Build.0 = Debug|Any CPU
		{25E2BF56-528A-4A93-B9D1-91C27BAE10AC}.Release|Any CPU.ActiveCfg = Release|Any CPU
		{25E2BF56-528A-4A93-B9D1-91C27BAE10AC}.Release|Any CPU.Build.0 = Release|Any CPU
		{53ED611E-896F-43A8-8D6D-A78BEB293383}.Debug|Any CPU.ActiveCfg = Debug|Any CPU
		{53ED611E-896F-43A8-8D6D-A78BEB293383}.Debug|Any CPU.Build.0 = Debug|Any CPU
		{53ED611E-896F-43A8-8D6D-A78BEB293383}.Release|Any CPU.ActiveCfg = Release|Any CPU
		{53ED611E-896F-43A8-8D6D-A78BEB293383}.Release|Any CPU.Build.0 = Release|Any CPU
		{48A4A173-876A-4129-9AF9-195C509D2F14}.Debug|Any CPU.ActiveCfg = Debug|Any CPU
		{48A4A173-876A-4129-9AF9-195C509D2F14}.Debug|Any CPU.Build.0 = Debug|Any CPU
		{48A4A173-876A-4129-9AF9-195C509D2F14}.Release|Any CPU.ActiveCfg = Release|Any CPU
		{48A4A173-876A-4129-9AF9-195C509D2F14}.Release|Any CPU.Build.0 = Release|Any CPU
	EndGlobalSection
	GlobalSection(SolutionProperties) = preSolution
		HideSolutionNode = FALSE
	EndGlobalSection
	GlobalSection(ExtensibilityGlobals) = postSolution
		SolutionGuid = {AC22FE27-5C9B-4EAA-A02B-ECD5E47850EC}
	EndGlobalSection
EndGlobal
